
Microsoft Visual Studio Solution File, Format Version 12.00
# Visual Studio Version 16
VisualStudioVersion = 16.0.30711.63
MinimumVisualStudioVersion = 10.0.40219.1
Project("{9A19103F-16F7-4668-BE54-9A1E7A4F7556}") = "EmployeeManager.DataAccess", "EmployeeManager.DataAccess\EmployeeManager.DataAccess.csproj", "{A425173A-C3F9-4251-AFF9-7E95BD7B4BBA}"
EndProject
Project("{9A19103F-16F7-4668-BE54-9A1E7A4F7556}") = "EmployeeManager.Common", "EmployeeManager.Common\EmployeeManager.Common.csproj", "{A4D5CF54-E102-45EE-A686-030D64246202}"
EndProject
Project("{2150E333-8FDC-42A3-9474-1A3956D46DE8}") = "Libraries", "Libraries", "{DD912DD1-7B66-4245-BD63-C01207561341}"
EndProject
Project("{C7167F0D-BC9F-4E6E-AFE1-012C56B48DB5}") = "EmployeeManager.WinUI (Package)", "EmployeeManager.WinUI\EmployeeManager.WinUI (Package)\EmployeeManager.WinUI (Package).wapproj", "{513CC6EC-E05D-4075-885B-45FEF62D70BF}"
EndProject
Project("{9A19103F-16F7-4668-BE54-9A1E7A4F7556}") = "EmployeeManager.WinUI", "EmployeeManager.WinUI\EmployeeManager.WinUI\EmployeeManager.WinUI.csproj", "{C4731945-BE63-4B20-AFB9-B5461A193C74}"
EndProject
Project("{9A19103F-16F7-4668-BE54-9A1E7A4F7556}") = "EmployeeManager.ViewModel", "EmployeeManager.ViewModel\EmployeeManager.ViewModel.csproj", "{49D8E156-D402-4E07-BE61-FD2F3D2762F8}"
EndProject
Project("{2150E333-8FDC-42A3-9474-1A3956D46DE8}") = "WinUI", "WinUI", "{56BD0A66-F492-4D8F-83C0-C59253B1F72A}"
EndProject
Project("{2150E333-8FDC-42A3-9474-1A3956D46DE8}") = "WPF", "WPF", "{0A5A668C-3BEB-40AE-BFEE-D64C483F60EC}"
EndProject
Project("{FAE04EC0-301F-11D3-BF4B-00C04F79EFBC}") = "EmployeeManager.WPF", "EmployeeManager.WPF\EmployeeManager.WPF.csproj", "{CD29E417-F33F-4DB0-BC42-FA414C384FCE}"
EndProject
Global
	GlobalSection(SolutionConfigurationPlatforms) = preSolution
		Debug|Any CPU = Debug|Any CPU
		Debug|arm64 = Debug|arm64
		Debug|x64 = Debug|x64
		Debug|x86 = Debug|x86
		Release|Any CPU = Release|Any CPU
		Release|arm64 = Release|arm64
		Release|x64 = Release|x64
		Release|x86 = Release|x86
	EndGlobalSection
	GlobalSection(ProjectConfigurationPlatforms) = postSolution
		{A425173A-C3F9-4251-AFF9-7E95BD7B4BBA}.Debug|Any CPU.ActiveCfg = Debug|Any CPU
		{A425173A-C3F9-4251-AFF9-7E95BD7B4BBA}.Debug|Any CPU.Build.0 = Debug|Any CPU
		{A425173A-C3F9-4251-AFF9-7E95BD7B4BBA}.Debug|arm64.ActiveCfg = Debug|Any CPU
		{A425173A-C3F9-4251-AFF9-7E95BD7B4BBA}.Debug|arm64.Build.0 = Debug|Any CPU
		{A425173A-C3F9-4251-AFF9-7E95BD7B4BBA}.Debug|x64.ActiveCfg = Debug|Any CPU
		{A425173A-C3F9-4251-AFF9-7E95BD7B4BBA}.Debug|x64.Build.0 = Debug|Any CPU
		{A425173A-C3F9-4251-AFF9-7E95BD7B4BBA}.Debug|x86.ActiveCfg = Debug|Any CPU
		{A425173A-C3F9-4251-AFF9-7E95BD7B4BBA}.Debug|x86.Build.0 = Debug|Any CPU
		{A425173A-C3F9-4251-AFF9-7E95BD7B4BBA}.Release|Any CPU.ActiveCfg = Release|Any CPU
		{A425173A-C3F9-4251-AFF9-7E95BD7B4BBA}.Release|Any CPU.Build.0 = Release|Any CPU
		{A425173A-C3F9-4251-AFF9-7E95BD7B4BBA}.Release|arm64.ActiveCfg = Release|Any CPU
		{A425173A-C3F9-4251-AFF9-7E95BD7B4BBA}.Release|arm64.Build.0 = Release|Any CPU
		{A425173A-C3F9-4251-AFF9-7E95BD7B4BBA}.Release|x64.ActiveCfg = Release|Any CPU
		{A425173A-C3F9-4251-AFF9-7E95BD7B4BBA}.Release|x64.Build.0 = Release|Any CPU
		{A425173A-C3F9-4251-AFF9-7E95BD7B4BBA}.Release|x86.ActiveCfg = Release|Any CPU
		{A425173A-C3F9-4251-AFF9-7E95BD7B4BBA}.Release|x86.Build.0 = Release|Any CPU
		{A4D5CF54-E102-45EE-A686-030D64246202}.Debug|Any CPU.ActiveCfg = Debug|Any CPU
		{A4D5CF54-E102-45EE-A686-030D64246202}.Debug|Any CPU.Build.0 = Debug|Any CPU
		{A4D5CF54-E102-45EE-A686-030D64246202}.Debug|arm64.ActiveCfg = Debug|Any CPU
		{A4D5CF54-E102-45EE-A686-030D64246202}.Debug|arm64.Build.0 = Debug|Any CPU
		{A4D5CF54-E102-45EE-A686-030D64246202}.Debug|x64.ActiveCfg = Debug|Any CPU
		{A4D5CF54-E102-45EE-A686-030D64246202}.Debug|x64.Build.0 = Debug|Any CPU
		{A4D5CF54-E102-45EE-A686-030D64246202}.Debug|x86.ActiveCfg = Debug|Any CPU
		{A4D5CF54-E102-45EE-A686-030D64246202}.Debug|x86.Build.0 = Debug|Any CPU
		{A4D5CF54-E102-45EE-A686-030D64246202}.Release|Any CPU.ActiveCfg = Release|Any CPU
		{A4D5CF54-E102-45EE-A686-030D64246202}.Release|Any CPU.Build.0 = Release|Any CPU
		{A4D5CF54-E102-45EE-A686-030D64246202}.Release|arm64.ActiveCfg = Release|Any CPU
		{A4D5CF54-E102-45EE-A686-030D64246202}.Release|arm64.Build.0 = Release|Any CPU
		{A4D5CF54-E102-45EE-A686-030D64246202}.Release|x64.ActiveCfg = Release|Any CPU
		{A4D5CF54-E102-45EE-A686-030D64246202}.Release|x64.Build.0 = Release|Any CPU
		{A4D5CF54-E102-45EE-A686-030D64246202}.Release|x86.ActiveCfg = Release|Any CPU
		{A4D5CF54-E102-45EE-A686-030D64246202}.Release|x86.Build.0 = Release|Any CPU
		{513CC6EC-E05D-4075-885B-45FEF62D70BF}.Debug|Any CPU.ActiveCfg = Debug|x86
		{513CC6EC-E05D-4075-885B-45FEF62D70BF}.Debug|Any CPU.Build.0 = Debug|x86
		{513CC6EC-E05D-4075-885B-45FEF62D70BF}.Debug|Any CPU.Deploy.0 = Debug|x86
		{513CC6EC-E05D-4075-885B-45FEF62D70BF}.Debug|arm64.ActiveCfg = Debug|arm64
		{513CC6EC-E05D-4075-885B-45FEF62D70BF}.Debug|arm64.Build.0 = Debug|arm64
		{513CC6EC-E05D-4075-885B-45FEF62D70BF}.Debug|arm64.Deploy.0 = Debug|arm64
		{513CC6EC-E05D-4075-885B-45FEF62D70BF}.Debug|x64.ActiveCfg = Debug|x64
		{513CC6EC-E05D-4075-885B-45FEF62D70BF}.Debug|x64.Build.0 = Debug|x64
		{513CC6EC-E05D-4075-885B-45FEF62D70BF}.Debug|x64.Deploy.0 = Debug|x64
		{513CC6EC-E05D-4075-885B-45FEF62D70BF}.Debug|x86.ActiveCfg = Debug|x86
		{513CC6EC-E05D-4075-885B-45FEF62D70BF}.Debug|x86.Build.0 = Debug|x86
		{513CC6EC-E05D-4075-885B-45FEF62D70BF}.Debug|x86.Deploy.0 = Debug|x86
		{513CC6EC-E05D-4075-885B-45FEF62D70BF}.Release|Any CPU.ActiveCfg = Release|x86
		{513CC6EC-E05D-4075-885B-45FEF62D70BF}.Release|arm64.ActiveCfg = Release|arm64
		{513CC6EC-E05D-4075-885B-45FEF62D70BF}.Release|arm64.Build.0 = Release|arm64
		{513CC6EC-E05D-4075-885B-45FEF62D70BF}.Release|arm64.Deploy.0 = Release|arm64
		{513CC6EC-E05D-4075-885B-45FEF62D70BF}.Release|x64.ActiveCfg = Release|x64
		{513CC6EC-E05D-4075-885B-45FEF62D70BF}.Release|x64.Build.0 = Release|x64
		{513CC6EC-E05D-4075-885B-45FEF62D70BF}.Release|x64.Deploy.0 = Release|x64
		{513CC6EC-E05D-4075-885B-45FEF62D70BF}.Release|x86.ActiveCfg = Release|x86
		{513CC6EC-E05D-4075-885B-45FEF62D70BF}.Release|x86.Build.0 = Release|x86
		{513CC6EC-E05D-4075-885B-45FEF62D70BF}.Release|x86.Deploy.0 = Release|x86
		{C4731945-BE63-4B20-AFB9-B5461A193C74}.Debug|Any CPU.ActiveCfg = Debug|x86
		{C4731945-BE63-4B20-AFB9-B5461A193C74}.Debug|Any CPU.Build.0 = Debug|x86
		{C4731945-BE63-4B20-AFB9-B5461A193C74}.Debug|arm64.ActiveCfg = Debug|arm64
		{C4731945-BE63-4B20-AFB9-B5461A193C74}.Debug|arm64.Build.0 = Debug|arm64
		{C4731945-BE63-4B20-AFB9-B5461A193C74}.Debug|x64.ActiveCfg = Debug|x64
		{C4731945-BE63-4B20-AFB9-B5461A193C74}.Debug|x64.Build.0 = Debug|x64
		{C4731945-BE63-4B20-AFB9-B5461A193C74}.Debug|x86.ActiveCfg = Debug|x86
		{C4731945-BE63-4B20-AFB9-B5461A193C74}.Debug|x86.Build.0 = Debug|x86
		{C4731945-BE63-4B20-AFB9-B5461A193C74}.Release|Any CPU.ActiveCfg = Release|x86
		{C4731945-BE63-4B20-AFB9-B5461A193C74}.Release|arm64.ActiveCfg = Release|arm64
		{C4731945-BE63-4B20-AFB9-B5461A193C74}.Release|arm64.Build.0 = Release|arm64
		{C4731945-BE63-4B20-AFB9-B5461A193C74}.Release|x64.ActiveCfg = Release|x64
		{C4731945-BE63-4B20-AFB9-B5461A193C74}.Release|x64.Build.0 = Release|x64
		{C4731945-BE63-4B20-AFB9-B5461A193C74}.Release|x86.ActiveCfg = Release|x86
		{C4731945-BE63-4B20-AFB9-B5461A193C74}.Release|x86.Build.0 = Release|x86
		{49D8E156-D402-4E07-BE61-FD2F3D2762F8}.Debug|Any CPU.ActiveCfg = Debug|Any CPU
		{49D8E156-D402-4E07-BE61-FD2F3D2762F8}.Debug|Any CPU.Build.0 = Debug|Any CPU
		{49D8E156-D402-4E07-BE61-FD2F3D2762F8}.Debug|arm64.ActiveCfg = Debug|Any CPU
		{49D8E156-D402-4E07-BE61-FD2F3D2762F8}.Debug|arm64.Build.0 = Debug|Any CPU
		{49D8E156-D402-4E07-BE61-FD2F3D2762F8}.Debug|x64.ActiveCfg = Debug|Any CPU
		{49D8E156-D402-4E07-BE61-FD2F3D2762F8}.Debug|x64.Build.0 = Debug|Any CPU
		{49D8E156-D402-4E07-BE61-FD2F3D2762F8}.Debug|x86.ActiveCfg = Debug|Any CPU
		{49D8E156-D402-4E07-BE61-FD2F3D2762F8}.Debug|x86.Build.0 = Debug|Any CPU
		{49D8E156-D402-4E07-BE61-FD2F3D2762F8}.Release|Any CPU.ActiveCfg = Release|Any CPU
		{49D8E156-D402-4E07-BE61-FD2F3D2762F8}.Release|Any CPU.Build.0 = Release|Any CPU
		{49D8E156-D402-4E07-BE61-FD2F3D2762F8}.Release|arm64.ActiveCfg = Release|Any CPU
		{49D8E156-D402-4E07-BE61-FD2F3D2762F8}.Release|arm64.Build.0 = Release|Any CPU
		{49D8E156-D402-4E07-BE61-FD2F3D2762F8}.Release|x64.ActiveCfg = Release|Any CPU
		{49D8E156-D402-4E07-BE61-FD2F3D2762F8}.Release|x64.Build.0 = Release|Any CPU
		{49D8E156-D402-4E07-BE61-FD2F3D2762F8}.Release|x86.ActiveCfg = Release|Any CPU
		{49D8E156-D402-4E07-BE61-FD2F3D2762F8}.Release|x86.Build.0 = Release|Any CPU
		{CD29E417-F33F-4DB0-BC42-FA414C384FCE}.Debug|Any CPU.ActiveCfg = Debug|Any CPU
		{CD29E417-F33F-4DB0-BC42-FA414C384FCE}.Debug|Any CPU.Build.0 = Debug|Any CPU
		{CD29E417-F33F-4DB0-BC42-FA414C384FCE}.Debug|arm64.ActiveCfg = Debug|Any CPU
		{CD29E417-F33F-4DB0-BC42-FA414C384FCE}.Debug|arm64.Build.0 = Debug|Any CPU
		{CD29E417-F33F-4DB0-BC42-FA414C384FCE}.Debug|x64.ActiveCfg = Debug|Any CPU
		{CD29E417-F33F-4DB0-BC42-FA414C384FCE}.Debug|x64.Build.0 = Debug|Any CPU
		{CD29E417-F33F-4DB0-BC42-FA414C384FCE}.Debug|x86.ActiveCfg = Debug|Any CPU
		{CD29E417-F33F-4DB0-BC42-FA414C384FCE}.Debug|x86.Build.0 = Debug|Any CPU
		{CD29E417-F33F-4DB0-BC42-FA414C384FCE}.Release|Any CPU.ActiveCfg = Release|Any CPU
		{CD29E417-F33F-4DB0-BC42-FA414C384FCE}.Release|Any CPU.Build.0 = Release|Any CPU
		{CD29E417-F33F-4DB0-BC42-FA414C384FCE}.Release|arm64.ActiveCfg = Release|Any CPU
		{CD29E417-F33F-4DB0-BC42-FA414C384FCE}.Release|arm64.Build.0 = Release|Any CPU
		{CD29E417-F33F-4DB0-BC42-FA414C384FCE}.Release|x64.ActiveCfg = Release|Any CPU
		{CD29E417-F33F-4DB0-BC42-FA414C384FCE}.Release|x64.Build.0 = Release|Any CPU
		{CD29E417-F33F-4DB0-BC42-FA414C384FCE}.Release|x86.ActiveCfg = Release|Any CPU
		{CD29E417-F33F-4DB0-BC42-FA414C384FCE}.Release|x86.Build.0 = Release|Any CPU
	EndGlobalSection
	GlobalSection(SolutionProperties) = preSolution
		HideSolutionNode = FALSE
	EndGlobalSection
	GlobalSection(NestedProjects) = preSolution
		{A425173A-C3F9-4251-AFF9-7E95BD7B4BBA} = {DD912DD1-7B66-4245-BD63-C01207561341}
		{A4D5CF54-E102-45EE-A686-030D64246202} = {DD912DD1-7B66-4245-BD63-C01207561341}
		{513CC6EC-E05D-4075-885B-45FEF62D70BF} = {56BD0A66-F492-4D8F-83C0-C59253B1F72A}
		{C4731945-BE63-4B20-AFB9-B5461A193C74} = {56BD0A66-F492-4D8F-83C0-C59253B1F72A}
		{49D8E156-D402-4E07-BE61-FD2F3D2762F8} = {DD912DD1-7B66-4245-BD63-C01207561341}
		{CD29E417-F33F-4DB0-BC42-FA414C384FCE} = {0A5A668C-3BEB-40AE-BFEE-D64C483F60EC}
	EndGlobalSection
	GlobalSection(ExtensibilityGlobals) = postSolution
		SolutionGuid = {8D719E33-FCFD-4644-95C9-2842C22D405F}
	EndGlobalSection
EndGlobal
